
Microsoft Visual Studio Solution File, Format Version 12.00
# Visual Studio Version 17
VisualStudioVersion = 17.0.31903.59
MinimumVisualStudioVersion = 10.0.40219.1
Project("{FAE04EC0-301F-11D3-BF4B-00C04F79EFBC}") = "SimpleDB", "src\SimpleDB\SimpleDB.csproj", "{E4D0DFB5-1B85-47E2-B315-2F754FDE1414}"
EndProject
Project("{FAE04EC0-301F-11D3-BF4B-00C04F79EFBC}") = "Chirp.CLI", "src\Chirp.CLI\Chirp.CLI.csproj", "{2C362804-F883-4447-A05D-06C7342C02BA}"
EndProject
Project("{2150E333-8FDC-42A3-9474-1A3956D46DE8}") = "src", "src", "{827E0CD3-B72D-47B6-A68D-7590B98EB39B}"
EndProject
Project("{FAE04EC0-301F-11D3-BF4B-00C04F79EFBC}") = "Chirp.CSVDBService", "src\Chirp.CSVDBService\Chirp.CSVDBService.csproj", "{13300962-B5AA-40FA-88EC-FB8058C24F83}"
EndProject
Project("{FAE04EC0-301F-11D3-BF4B-00C04F79EFBC}") = "IntegrationTests", "test\IntegrationTests\IntegrationTests.csproj", "{2F79F20A-BFB8-438B-BCC7-78DFB1FD3703}"
EndProject
Project("{2150E333-8FDC-42A3-9474-1A3956D46DE8}") = "test", "test", "{0FD99402-2E64-4629-B6EC-85672C1B1619}"
EndProject
Project("{FAE04EC0-301F-11D3-BF4B-00C04F79EFBC}") = "Chirp.E2ETests", "test\Chirp.E2ETests\Chirp.E2ETests.csproj", "{9B4BFBE1-1E49-4682-B8E1-7D56409EBF88}"
EndProject
Project("{FAE04EC0-301F-11D3-BF4B-00C04F79EFBC}") = "UnitTests", "test\UnitTests\UnitTests.csproj", "{42F086BC-D598-4D22-9431-AFB0BCC89A8D}"
EndProject
Project("{FAE04EC0-301F-11D3-BF4B-00C04F79EFBC}") = "UnitTestsDB", "test\UnitTestsDB\UnitTestsDB.csproj", "{4247A731-1894-49E3-8F14-9DDF23A4A36D}"
EndProject
Global
	GlobalSection(SolutionConfigurationPlatforms) = preSolution
		Debug|Any CPU = Debug|Any CPU
		Debug|x64 = Debug|x64
		Debug|x86 = Debug|x86
		Release|Any CPU = Release|Any CPU
		Release|x64 = Release|x64
		Release|x86 = Release|x86
	EndGlobalSection
	GlobalSection(ProjectConfigurationPlatforms) = postSolution
		{E4D0DFB5-1B85-47E2-B315-2F754FDE1414}.Debug|Any CPU.ActiveCfg = Debug|Any CPU
		{E4D0DFB5-1B85-47E2-B315-2F754FDE1414}.Debug|Any CPU.Build.0 = Debug|Any CPU
		{E4D0DFB5-1B85-47E2-B315-2F754FDE1414}.Debug|x64.ActiveCfg = Debug|Any CPU
		{E4D0DFB5-1B85-47E2-B315-2F754FDE1414}.Debug|x64.Build.0 = Debug|Any CPU
		{E4D0DFB5-1B85-47E2-B315-2F754FDE1414}.Debug|x86.ActiveCfg = Debug|Any CPU
		{E4D0DFB5-1B85-47E2-B315-2F754FDE1414}.Debug|x86.Build.0 = Debug|Any CPU
		{E4D0DFB5-1B85-47E2-B315-2F754FDE1414}.Release|Any CPU.ActiveCfg = Release|Any CPU
		{E4D0DFB5-1B85-47E2-B315-2F754FDE1414}.Release|Any CPU.Build.0 = Release|Any CPU
		{E4D0DFB5-1B85-47E2-B315-2F754FDE1414}.Release|x64.ActiveCfg = Release|Any CPU
		{E4D0DFB5-1B85-47E2-B315-2F754FDE1414}.Release|x64.Build.0 = Release|Any CPU
		{E4D0DFB5-1B85-47E2-B315-2F754FDE1414}.Release|x86.ActiveCfg = Release|Any CPU
		{E4D0DFB5-1B85-47E2-B315-2F754FDE1414}.Release|x86.Build.0 = Release|Any CPU
		{2C362804-F883-4447-A05D-06C7342C02BA}.Debug|Any CPU.ActiveCfg = Debug|Any CPU
		{2C362804-F883-4447-A05D-06C7342C02BA}.Debug|Any CPU.Build.0 = Debug|Any CPU
		{2C362804-F883-4447-A05D-06C7342C02BA}.Debug|x64.ActiveCfg = Debug|Any CPU
		{2C362804-F883-4447-A05D-06C7342C02BA}.Debug|x64.Build.0 = Debug|Any CPU
		{2C362804-F883-4447-A05D-06C7342C02BA}.Debug|x86.ActiveCfg = Debug|Any CPU
		{2C362804-F883-4447-A05D-06C7342C02BA}.Debug|x86.Build.0 = Debug|Any CPU
		{2C362804-F883-4447-A05D-06C7342C02BA}.Release|Any CPU.ActiveCfg = Release|Any CPU
		{2C362804-F883-4447-A05D-06C7342C02BA}.Release|Any CPU.Build.0 = Release|Any CPU
		{2C362804-F883-4447-A05D-06C7342C02BA}.Release|x64.ActiveCfg = Release|Any CPU
		{2C362804-F883-4447-A05D-06C7342C02BA}.Release|x64.Build.0 = Release|Any CPU
		{2C362804-F883-4447-A05D-06C7342C02BA}.Release|x86.ActiveCfg = Release|Any CPU
		{2C362804-F883-4447-A05D-06C7342C02BA}.Release|x86.Build.0 = Release|Any CPU
		{13300962-B5AA-40FA-88EC-FB8058C24F83}.Debug|Any CPU.ActiveCfg = Debug|Any CPU
		{13300962-B5AA-40FA-88EC-FB8058C24F83}.Debug|Any CPU.Build.0 = Debug|Any CPU
		{13300962-B5AA-40FA-88EC-FB8058C24F83}.Debug|x64.ActiveCfg = Debug|Any CPU
		{13300962-B5AA-40FA-88EC-FB8058C24F83}.Debug|x64.Build.0 = Debug|Any CPU
		{13300962-B5AA-40FA-88EC-FB8058C24F83}.Debug|x86.ActiveCfg = Debug|Any CPU
		{13300962-B5AA-40FA-88EC-FB8058C24F83}.Debug|x86.Build.0 = Debug|Any CPU
		{13300962-B5AA-40FA-88EC-FB8058C24F83}.Release|Any CPU.ActiveCfg = Release|Any CPU
		{13300962-B5AA-40FA-88EC-FB8058C24F83}.Release|Any CPU.Build.0 = Release|Any CPU
		{13300962-B5AA-40FA-88EC-FB8058C24F83}.Release|x64.ActiveCfg = Release|Any CPU
		{13300962-B5AA-40FA-88EC-FB8058C24F83}.Release|x64.Build.0 = Release|Any CPU
		{13300962-B5AA-40FA-88EC-FB8058C24F83}.Release|x86.ActiveCfg = Release|Any CPU
		{13300962-B5AA-40FA-88EC-FB8058C24F83}.Release|x86.Build.0 = Release|Any CPU
		{2F79F20A-BFB8-438B-BCC7-78DFB1FD3703}.Debug|Any CPU.ActiveCfg = Debug|Any CPU
		{2F79F20A-BFB8-438B-BCC7-78DFB1FD3703}.Debug|Any CPU.Build.0 = Debug|Any CPU
		{2F79F20A-BFB8-438B-BCC7-78DFB1FD3703}.Debug|x64.ActiveCfg = Debug|Any CPU
		{2F79F20A-BFB8-438B-BCC7-78DFB1FD3703}.Debug|x64.Build.0 = Debug|Any CPU
		{2F79F20A-BFB8-438B-BCC7-78DFB1FD3703}.Debug|x86.ActiveCfg = Debug|Any CPU
		{2F79F20A-BFB8-438B-BCC7-78DFB1FD3703}.Debug|x86.Build.0 = Debug|Any CPU
		{2F79F20A-BFB8-438B-BCC7-78DFB1FD3703}.Release|Any CPU.ActiveCfg = Release|Any CPU
		{2F79F20A-BFB8-438B-BCC7-78DFB1FD3703}.Release|Any CPU.Build.0 = Release|Any CPU
		{2F79F20A-BFB8-438B-BCC7-78DFB1FD3703}.Release|x64.ActiveCfg = Release|Any CPU
		{2F79F20A-BFB8-438B-BCC7-78DFB1FD3703}.Release|x64.Build.0 = Release|Any CPU
		{2F79F20A-BFB8-438B-BCC7-78DFB1FD3703}.Release|x86.ActiveCfg = Release|Any CPU
		{2F79F20A-BFB8-438B-BCC7-78DFB1FD3703}.Release|x86.Build.0 = Release|Any CPU
		{9B4BFBE1-1E49-4682-B8E1-7D56409EBF88}.Debug|Any CPU.ActiveCfg = Debug|Any CPU
		{9B4BFBE1-1E49-4682-B8E1-7D56409EBF88}.Debug|Any CPU.Build.0 = Debug|Any CPU
		{9B4BFBE1-1E49-4682-B8E1-7D56409EBF88}.Debug|x64.ActiveCfg = Debug|Any CPU
		{9B4BFBE1-1E49-4682-B8E1-7D56409EBF88}.Debug|x64.Build.0 = Debug|Any CPU
		{9B4BFBE1-1E49-4682-B8E1-7D56409EBF88}.Debug|x86.ActiveCfg = Debug|Any CPU
		{9B4BFBE1-1E49-4682-B8E1-7D56409EBF88}.Debug|x86.Build.0 = Debug|Any CPU
		{9B4BFBE1-1E49-4682-B8E1-7D56409EBF88}.Release|Any CPU.ActiveCfg = Release|Any CPU
		{9B4BFBE1-1E49-4682-B8E1-7D56409EBF88}.Release|Any CPU.Build.0 = Release|Any CPU
		{9B4BFBE1-1E49-4682-B8E1-7D56409EBF88}.Release|x64.ActiveCfg = Release|Any CPU
		{9B4BFBE1-1E49-4682-B8E1-7D56409EBF88}.Release|x64.Build.0 = Release|Any CPU
		{9B4BFBE1-1E49-4682-B8E1-7D56409EBF88}.Release|x86.ActiveCfg = Release|Any CPU
		{9B4BFBE1-1E49-4682-B8E1-7D56409EBF88}.Release|x86.Build.0 = Release|Any CPU
		{42F086BC-D598-4D22-9431-AFB0BCC89A8D}.Debug|Any CPU.ActiveCfg = Debug|Any CPU
		{42F086BC-D598-4D22-9431-AFB0BCC89A8D}.Debug|Any CPU.Build.0 = Debug|Any CPU
		{42F086BC-D598-4D22-9431-AFB0BCC89A8D}.Debug|x64.ActiveCfg = Debug|Any CPU
		{42F086BC-D598-4D22-9431-AFB0BCC89A8D}.Debug|x64.Build.0 = Debug|Any CPU
		{42F086BC-D598-4D22-9431-AFB0BCC89A8D}.Debug|x86.ActiveCfg = Debug|Any CPU
		{42F086BC-D598-4D22-9431-AFB0BCC89A8D}.Debug|x86.Build.0 = Debug|Any CPU
		{42F086BC-D598-4D22-9431-AFB0BCC89A8D}.Release|Any CPU.ActiveCfg = Release|Any CPU
		{42F086BC-D598-4D22-9431-AFB0BCC89A8D}.Release|Any CPU.Build.0 = Release|Any CPU
		{42F086BC-D598-4D22-9431-AFB0BCC89A8D}.Release|x64.ActiveCfg = Release|Any CPU
		{42F086BC-D598-4D22-9431-AFB0BCC89A8D}.Release|x64.Build.0 = Release|Any CPU
		{42F086BC-D598-4D22-9431-AFB0BCC89A8D}.Release|x86.ActiveCfg = Release|Any CPU
		{42F086BC-D598-4D22-9431-AFB0BCC89A8D}.Release|x86.Build.0 = Release|Any CPU
		{4247A731-1894-49E3-8F14-9DDF23A4A36D}.Debug|Any CPU.ActiveCfg = Debug|Any CPU
		{4247A731-1894-49E3-8F14-9DDF23A4A36D}.Debug|Any CPU.Build.0 = Debug|Any CPU
		{4247A731-1894-49E3-8F14-9DDF23A4A36D}.Debug|x64.ActiveCfg = Debug|Any CPU
		{4247A731-1894-49E3-8F14-9DDF23A4A36D}.Debug|x64.Build.0 = Debug|Any CPU
		{4247A731-1894-49E3-8F14-9DDF23A4A36D}.Debug|x86.ActiveCfg = Debug|Any CPU
		{4247A731-1894-49E3-8F14-9DDF23A4A36D}.Debug|x86.Build.0 = Debug|Any CPU
		{4247A731-1894-49E3-8F14-9DDF23A4A36D}.Release|Any CPU.ActiveCfg = Release|Any CPU
		{4247A731-1894-49E3-8F14-9DDF23A4A36D}.Release|Any CPU.Build.0 = Release|Any CPU
		{4247A731-1894-49E3-8F14-9DDF23A4A36D}.Release|x64.ActiveCfg = Release|Any CPU
		{4247A731-1894-49E3-8F14-9DDF23A4A36D}.Release|x64.Build.0 = Release|Any CPU
		{4247A731-1894-49E3-8F14-9DDF23A4A36D}.Release|x86.ActiveCfg = Release|Any CPU
		{4247A731-1894-49E3-8F14-9DDF23A4A36D}.Release|x86.Build.0 = Release|Any CPU
	EndGlobalSection
	GlobalSection(SolutionProperties) = preSolution
		HideSolutionNode = FALSE
	EndGlobalSection
	GlobalSection(NestedProjects) = preSolution
		{13300962-B5AA-40FA-88EC-FB8058C24F83} = {827E0CD3-B72D-47B6-A68D-7590B98EB39B}
		{42F086BC-D598-4D22-9431-AFB0BCC89A8D} = {0FD99402-2E64-4629-B6EC-85672C1B1619}
		{4247A731-1894-49E3-8F14-9DDF23A4A36D} = {0FD99402-2E64-4629-B6EC-85672C1B1619}
	EndGlobalSection
EndGlobal
