
Microsoft Visual Studio Solution File, Format Version 12.00
# Visual Studio Version 17
VisualStudioVersion = 17.0.31903.59
MinimumVisualStudioVersion = 10.0.40219.1
Project("{2150E333-8FDC-42A3-9474-1A3956D46DE8}") = "src", "src", "{3D08FEA5-81EA-4C3D-BB2A-1679C0E17EB6}"
EndProject
Project("{FAE04EC0-301F-11D3-BF4B-00C04F79EFBC}") = "Chirp.Web", "src\Chirp.Web\Chirp.Web.csproj", "{0D997A7B-B55E-4506-95D6-243D8879422A}"
EndProject
Project("{FAE04EC0-301F-11D3-BF4B-00C04F79EFBC}") = "Chirp.Infrastructure", "src\Chirp.Infrastructure\Chirp.Infrastructure.csproj", "{24853712-CD44-4E9D-9A3E-36C885FDD27D}"
EndProject
Project("{FAE04EC0-301F-11D3-BF4B-00C04F79EFBC}") = "Chirp.Core", "src\Chirp.Core\Chirp.Core.csproj", "{6B492FCE-F52D-4C52-931B-266CC13E473B}"
EndProject
Project("{2150E333-8FDC-42A3-9474-1A3956D46DE8}") = "test", "test", "{FEA31AB2-7473-4F89-A63A-A48D0AD2E6B6}"
EndProject
Project("{2150E333-8FDC-42A3-9474-1A3956D46DE8}") = "UnitTest", "UnitTest", "{59498998-E8BF-4C24-B2BE-2E13423B91AB}"
EndProject
Project("{FAE04EC0-301F-11D3-BF4B-00C04F79EFBC}") = "Chirp.Tests", "test\UnitTest\Chirp.Tests\Chirp.Tests.csproj", "{292775B2-43FF-457B-9E75-99CEE5B30AB0}"
EndProject
Project("{2150E333-8FDC-42A3-9474-1A3956D46DE8}") = "IntegrationTest", "IntegrationTest", "{7B5468A3-751F-4D5B-976B-BA93D4D5B948}"
EndProject
Project("{FAE04EC0-301F-11D3-BF4B-00C04F79EFBC}") = "Chirp.IntegrationTests", "test\IntegrationTest\Chirp.IntegrationTests\Chirp.IntegrationTests.csproj", "{29DF01CF-3FFB-4CE2-A63F-BB52175803FC}"
EndProject
Project("{FAE04EC0-301F-11D3-BF4B-00C04F79EFBC}") = "PlaywrightTests", "test\PlaywrightTests\PlaywrightTests.csproj", "{8B8E49D2-BE9A-40F0-A9C6-FC5C87AB963F}"
EndProject
Global
	GlobalSection(SolutionConfigurationPlatforms) = preSolution
		Debug|Any CPU = Debug|Any CPU
		Release|Any CPU = Release|Any CPU
	EndGlobalSection
	GlobalSection(SolutionProperties) = preSolution
		HideSolutionNode = FALSE
	EndGlobalSection
	GlobalSection(ProjectConfigurationPlatforms) = postSolution
		{0D997A7B-B55E-4506-95D6-243D8879422A}.Debug|Any CPU.ActiveCfg = Debug|Any CPU
		{0D997A7B-B55E-4506-95D6-243D8879422A}.Debug|Any CPU.Build.0 = Debug|Any CPU
		{0D997A7B-B55E-4506-95D6-243D8879422A}.Release|Any CPU.ActiveCfg = Release|Any CPU
		{0D997A7B-B55E-4506-95D6-243D8879422A}.Release|Any CPU.Build.0 = Release|Any CPU
		{24853712-CD44-4E9D-9A3E-36C885FDD27D}.Debug|Any CPU.ActiveCfg = Debug|Any CPU
		{24853712-CD44-4E9D-9A3E-36C885FDD27D}.Debug|Any CPU.Build.0 = Debug|Any CPU
		{24853712-CD44-4E9D-9A3E-36C885FDD27D}.Release|Any CPU.ActiveCfg = Release|Any CPU
		{24853712-CD44-4E9D-9A3E-36C885FDD27D}.Release|Any CPU.Build.0 = Release|Any CPU
		{6B492FCE-F52D-4C52-931B-266CC13E473B}.Debug|Any CPU.ActiveCfg = Debug|Any CPU
		{6B492FCE-F52D-4C52-931B-266CC13E473B}.Debug|Any CPU.Build.0 = Debug|Any CPU
		{6B492FCE-F52D-4C52-931B-266CC13E473B}.Release|Any CPU.ActiveCfg = Release|Any CPU
		{6B492FCE-F52D-4C52-931B-266CC13E473B}.Release|Any CPU.Build.0 = Release|Any CPU
		{292775B2-43FF-457B-9E75-99CEE5B30AB0}.Debug|Any CPU.ActiveCfg = Debug|Any CPU
		{292775B2-43FF-457B-9E75-99CEE5B30AB0}.Debug|Any CPU.Build.0 = Debug|Any CPU
		{292775B2-43FF-457B-9E75-99CEE5B30AB0}.Release|Any CPU.ActiveCfg = Release|Any CPU
		{292775B2-43FF-457B-9E75-99CEE5B30AB0}.Release|Any CPU.Build.0 = Release|Any CPU
		{29DF01CF-3FFB-4CE2-A63F-BB52175803FC}.Debug|Any CPU.ActiveCfg = Debug|Any CPU
		{29DF01CF-3FFB-4CE2-A63F-BB52175803FC}.Debug|Any CPU.Build.0 = Debug|Any CPU
		{29DF01CF-3FFB-4CE2-A63F-BB52175803FC}.Release|Any CPU.ActiveCfg = Release|Any CPU
		{29DF01CF-3FFB-4CE2-A63F-BB52175803FC}.Release|Any CPU.Build.0 = Release|Any CPU
		{8B8E49D2-BE9A-40F0-A9C6-FC5C87AB963F}.Debug|Any CPU.ActiveCfg = Debug|Any CPU
		{8B8E49D2-BE9A-40F0-A9C6-FC5C87AB963F}.Debug|Any CPU.Build.0 = Debug|Any CPU
		{8B8E49D2-BE9A-40F0-A9C6-FC5C87AB963F}.Release|Any CPU.ActiveCfg = Release|Any CPU
		{8B8E49D2-BE9A-40F0-A9C6-FC5C87AB963F}.Release|Any CPU.Build.0 = Release|Any CPU
	EndGlobalSection
	GlobalSection(NestedProjects) = preSolution
		{0D997A7B-B55E-4506-95D6-243D8879422A} = {3D08FEA5-81EA-4C3D-BB2A-1679C0E17EB6}
		{24853712-CD44-4E9D-9A3E-36C885FDD27D} = {3D08FEA5-81EA-4C3D-BB2A-1679C0E17EB6}
		{6B492FCE-F52D-4C52-931B-266CC13E473B} = {3D08FEA5-81EA-4C3D-BB2A-1679C0E17EB6}
		{59498998-E8BF-4C24-B2BE-2E13423B91AB} = {FEA31AB2-7473-4F89-A63A-A48D0AD2E6B6}
		{292775B2-43FF-457B-9E75-99CEE5B30AB0} = {59498998-E8BF-4C24-B2BE-2E13423B91AB}
		{7B5468A3-751F-4D5B-976B-BA93D4D5B948} = {FEA31AB2-7473-4F89-A63A-A48D0AD2E6B6}
		{29DF01CF-3FFB-4CE2-A63F-BB52175803FC} = {7B5468A3-751F-4D5B-976B-BA93D4D5B948}
		{8B8E49D2-BE9A-40F0-A9C6-FC5C87AB963F} = {FEA31AB2-7473-4F89-A63A-A48D0AD2E6B6}
	EndGlobalSection
EndGlobal
