
Microsoft Visual Studio Solution File, Format Version 12.00
# Visual Studio Version 17
VisualStudioVersion = 17.0.31903.59
MinimumVisualStudioVersion = 10.0.40219.1
Project("{2150E333-8FDC-42A3-9474-1A3956D46DE8}") = "src", "src", "{3D08FEA5-81EA-4C3D-BB2A-1679C0E17EB6}"
EndProject
Project("{FAE04EC0-301F-11D3-BF4B-00C04F79EFBC}") = "Chirp.Web", "src\Chirp.Web\Chirp.Web.csproj", "{0D997A7B-B55E-4506-95D6-243D8879422A}"
EndProject
Project("{FAE04EC0-301F-11D3-BF4B-00C04F79EFBC}") = "Chirp.Infrastructure", "src\Chirp.Infrastructure\Chirp.Infrastructure.csproj", "{24853712-CD44-4E9D-9A3E-36C885FDD27D}"
EndProject
Project("{FAE04EC0-301F-11D3-BF4B-00C04F79EFBC}") = "Chirp.Core", "src\Chirp.Core\Chirp.Core.csproj", "{6B492FCE-F52D-4C52-931B-266CC13E473B}"
EndProject
Project("{2150E333-8FDC-42A3-9474-1A3956D46DE8}") = "test", "test", "{206AA040-B6C2-4422-9114-9149175FF6A1}"
EndProject
Project("{2150E333-8FDC-42A3-9474-1A3956D46DE8}") = "UnitTest", "UnitTest", "{9FEF9DE7-CD10-4EBB-89D7-C2AC2D6B4337}"
EndProject
Project("{FAE04EC0-301F-11D3-BF4B-00C04F79EFBC}") = "Chirp.Tests", "test\UnitTest\Chirp.Tests\Chirp.Tests.csproj", "{CB16ABD3-5DF0-4FC2-AE96-37A1AB7C00A5}"
EndProject
Project("{2150E333-8FDC-42A3-9474-1A3956D46DE8}") = "IntegrationTest", "IntegrationTest", "{86DBC952-1E4C-4DA5-973A-842F16E932AA}"
EndProject
Project("{FAE04EC0-301F-11D3-BF4B-00C04F79EFBC}") = "Chirp.IntegrationTests", "test\IntegrationTest\Chirp.IntegrationTests\Chirp.IntegrationTests.csproj", "{BCBEB838-A4EF-4AE6-8FA4-C02A120D9D4B}"
EndProject
Project("{2150E333-8FDC-42A3-9474-1A3956D46DE8}") = "E2ETest", "E2ETest", "{8E4D7DBB-53E8-45C2-8EBA-D581DEC46FE6}"
EndProject
Project("{FAE04EC0-301F-11D3-BF4B-00C04F79EFBC}") = "Chirp.E2ETests", "test\E2ETest\Chirp.E2ETests\Chirp.E2ETests.csproj", "{6BE1073C-2B15-473F-9382-CA235E774891}"
EndProject
Global
	GlobalSection(SolutionConfigurationPlatforms) = preSolution
		Debug|Any CPU = Debug|Any CPU
		Release|Any CPU = Release|Any CPU
	EndGlobalSection
	GlobalSection(SolutionProperties) = preSolution
		HideSolutionNode = FALSE
	EndGlobalSection
	GlobalSection(ProjectConfigurationPlatforms) = postSolution
		{0D997A7B-B55E-4506-95D6-243D8879422A}.Debug|Any CPU.ActiveCfg = Debug|Any CPU
		{0D997A7B-B55E-4506-95D6-243D8879422A}.Debug|Any CPU.Build.0 = Debug|Any CPU
		{0D997A7B-B55E-4506-95D6-243D8879422A}.Release|Any CPU.ActiveCfg = Release|Any CPU
		{0D997A7B-B55E-4506-95D6-243D8879422A}.Release|Any CPU.Build.0 = Release|Any CPU
		{24853712-CD44-4E9D-9A3E-36C885FDD27D}.Debug|Any CPU.ActiveCfg = Debug|Any CPU
		{24853712-CD44-4E9D-9A3E-36C885FDD27D}.Debug|Any CPU.Build.0 = Debug|Any CPU
		{24853712-CD44-4E9D-9A3E-36C885FDD27D}.Release|Any CPU.ActiveCfg = Release|Any CPU
		{24853712-CD44-4E9D-9A3E-36C885FDD27D}.Release|Any CPU.Build.0 = Release|Any CPU
		{6B492FCE-F52D-4C52-931B-266CC13E473B}.Debug|Any CPU.ActiveCfg = Debug|Any CPU
		{6B492FCE-F52D-4C52-931B-266CC13E473B}.Debug|Any CPU.Build.0 = Debug|Any CPU
		{6B492FCE-F52D-4C52-931B-266CC13E473B}.Release|Any CPU.ActiveCfg = Release|Any CPU
		{6B492FCE-F52D-4C52-931B-266CC13E473B}.Release|Any CPU.Build.0 = Release|Any CPU
		{CB16ABD3-5DF0-4FC2-AE96-37A1AB7C00A5}.Debug|Any CPU.ActiveCfg = Debug|Any CPU
		{CB16ABD3-5DF0-4FC2-AE96-37A1AB7C00A5}.Debug|Any CPU.Build.0 = Debug|Any CPU
		{CB16ABD3-5DF0-4FC2-AE96-37A1AB7C00A5}.Release|Any CPU.ActiveCfg = Release|Any CPU
		{CB16ABD3-5DF0-4FC2-AE96-37A1AB7C00A5}.Release|Any CPU.Build.0 = Release|Any CPU
		{BCBEB838-A4EF-4AE6-8FA4-C02A120D9D4B}.Debug|Any CPU.ActiveCfg = Debug|Any CPU
		{BCBEB838-A4EF-4AE6-8FA4-C02A120D9D4B}.Debug|Any CPU.Build.0 = Debug|Any CPU
		{BCBEB838-A4EF-4AE6-8FA4-C02A120D9D4B}.Release|Any CPU.ActiveCfg = Release|Any CPU
		{BCBEB838-A4EF-4AE6-8FA4-C02A120D9D4B}.Release|Any CPU.Build.0 = Release|Any CPU
		{6BE1073C-2B15-473F-9382-CA235E774891}.Debug|Any CPU.ActiveCfg = Debug|Any CPU
		{6BE1073C-2B15-473F-9382-CA235E774891}.Debug|Any CPU.Build.0 = Debug|Any CPU
		{6BE1073C-2B15-473F-9382-CA235E774891}.Release|Any CPU.ActiveCfg = Release|Any CPU
		{6BE1073C-2B15-473F-9382-CA235E774891}.Release|Any CPU.Build.0 = Release|Any CPU
	EndGlobalSection
	GlobalSection(NestedProjects) = preSolution
		{0D997A7B-B55E-4506-95D6-243D8879422A} = {3D08FEA5-81EA-4C3D-BB2A-1679C0E17EB6}
		{24853712-CD44-4E9D-9A3E-36C885FDD27D} = {3D08FEA5-81EA-4C3D-BB2A-1679C0E17EB6}
		{6B492FCE-F52D-4C52-931B-266CC13E473B} = {3D08FEA5-81EA-4C3D-BB2A-1679C0E17EB6}
		{9FEF9DE7-CD10-4EBB-89D7-C2AC2D6B4337} = {206AA040-B6C2-4422-9114-9149175FF6A1}
		{CB16ABD3-5DF0-4FC2-AE96-37A1AB7C00A5} = {9FEF9DE7-CD10-4EBB-89D7-C2AC2D6B4337}
		{86DBC952-1E4C-4DA5-973A-842F16E932AA} = {206AA040-B6C2-4422-9114-9149175FF6A1}
		{BCBEB838-A4EF-4AE6-8FA4-C02A120D9D4B} = {86DBC952-1E4C-4DA5-973A-842F16E932AA}
		{8E4D7DBB-53E8-45C2-8EBA-D581DEC46FE6} = {206AA040-B6C2-4422-9114-9149175FF6A1}
		{6BE1073C-2B15-473F-9382-CA235E774891} = {8E4D7DBB-53E8-45C2-8EBA-D581DEC46FE6}
	EndGlobalSection
EndGlobal
